Microsoft Visual Studio Solution File, Format Version 9.00
# Visual Studio 2005
Project("{FAE04EC0-301F-11D3-BF4B-00C04F79EFBC}") = "Dispersal_Sim", "Dispersal_Sim.csproj", "{CFA8E62F-0B65-4A9D-9963-71714E2B0E12}"
EndProject
Project("{54435603-DBB4-11D2-8724-00A0C9A8B90C}") = "SEARCH", "..\SEARCH\SEARCH.vdproj", "{69E4A985-144F-4C58-9805-4A4EA67AF973}"
EndProject
Global
	GlobalSection(SolutionConfigurationPlatforms) = preSolution
		Debug|Any CPU = Debug|Any CPU
		Release|Any CPU = Release|Any CPU
	EndGlobalSection
	GlobalSection(ProjectConfigurationPlatforms) = postSolution
		{CFA8E62F-0B65-4A9D-9963-71714E2B0E12}.Debug|Any CPU.ActiveCfg = Debug|Any CPU
		{CFA8E62F-0B65-4A9D-9963-71714E2B0E12}.Debug|Any CPU.Build.0 = Debug|Any CPU
		{CFA8E62F-0B65-4A9D-9963-71714E2B0E12}.Release|Any CPU.ActiveCfg = Release|Any CPU
		{CFA8E62F-0B65-4A9D-9963-71714E2B0E12}.Release|Any CPU.Build.0 = Release|Any CPU
		{69E4A985-144F-4C58-9805-4A4EA67AF973}.Debug|Any CPU.ActiveCfg = Debug
		{69E4A985-144F-4C58-9805-4A4EA67AF973}.Release|Any CPU.ActiveCfg = Release
	EndGlobalSection
	GlobalSection(SolutionProperties) = preSolution
		HideSolutionNode = FALSE
	EndGlobalSection
EndGlobal
