Microsoft Visual Studio Solution File, Format Version 8.00
Project("{FAE04EC0-301F-11D3-BF4B-00C04F79EFBC}") = "Dispersal_Sim", "Dispersal_Sim.csproj", "{CFA8E62F-0B65-4A9D-9963-71714E2B0E12}"
	ProjectSection(ProjectDependencies) = postProject
	EndProjectSection
EndProject
Global
	GlobalSection(SolutionConfiguration) = preSolution
		Debug = Debug
		Release = Release
	EndGlobalSection
	GlobalSection(ProjectConfiguration) = postSolution
		{CFA8E62F-0B65-4A9D-9963-71714E2B0E12}.Debug.ActiveCfg = Debug|.NET
		{CFA8E62F-0B65-4A9D-9963-71714E2B0E12}.Debug.Build.0 = Debug|.NET
		{CFA8E62F-0B65-4A9D-9963-71714E2B0E12}.Release.ActiveCfg = Release|.NET
		{CFA8E62F-0B65-4A9D-9963-71714E2B0E12}.Release.Build.0 = Release|.NET
	EndGlobalSection
	GlobalSection(ExtensibilityGlobals) = postSolution
	EndGlobalSection
	GlobalSection(ExtensibilityAddIns) = postSolution
	EndGlobalSection
EndGlobal
