Microsoft Visual Studio Solution File, Format Version 8.00
Project("{FAE04EC0-301F-11D3-BF4B-00C04F79EFBC}") = "txtBoxArray", "txtBoxArray.csproj", "{49834227-15E1-49A2-9B40-2AD983430637}"
	ProjectSection(ProjectDependencies) = postProject
	EndProjectSection
EndProject
Global
	GlobalSection(SourceCodeControl) = preSolution
		SccNumberOfProjects = 2
		SccProjectName0 = txtBoxArray
		SccLocalPath0 = .
		SccProvider0 = MSSCCI:Reliable\u0020Software\u0020Code\u0020Co-op
		CanCheckoutShared = true
		SolutionUniqueID = {D6ABC96B-83E2-43FB-8A9D-B4D3BB75AA55}
		SccProjectUniqueName1 = txtBoxArray.csproj
		SccLocalPath1 = .
		CanCheckoutShared = true
	EndGlobalSection
	GlobalSection(SolutionConfiguration) = preSolution
		Debug = Debug
		Release = Release
	EndGlobalSection
	GlobalSection(ProjectConfiguration) = postSolution
		{49834227-15E1-49A2-9B40-2AD983430637}.Debug.ActiveCfg = Debug|.NET
		{49834227-15E1-49A2-9B40-2AD983430637}.Debug.Build.0 = Debug|.NET
		{49834227-15E1-49A2-9B40-2AD983430637}.Release.ActiveCfg = Release|.NET
		{49834227-15E1-49A2-9B40-2AD983430637}.Release.Build.0 = Release|.NET
	EndGlobalSection
	GlobalSection(ExtensibilityGlobals) = postSolution
	EndGlobalSection
	GlobalSection(ExtensibilityAddIns) = postSolution
	EndGlobalSection
EndGlobal
