
Microsoft Visual Studio Solution File, Format Version 10.00
# Visual C# Express 2008
Project("{FAE04EC0-301F-11D3-BF4B-00C04F79EFBC}") = "SEARCH_Console", "SEARCH_Console\SEARCH_Console.csproj", "{1708518D-C9A9-4D73-B79F-0BAF8B1447B8}"
EndProject
Global
	GlobalSection(SolutionConfigurationPlatforms) = preSolution
		Debug|Any CPU = Debug|Any CPU
		Release|Any CPU = Release|Any CPU
	EndGlobalSection
	GlobalSection(ProjectConfigurationPlatforms) = postSolution
		{1708518D-C9A9-4D73-B79F-0BAF8B1447B8}.Debug|Any CPU.ActiveCfg = Debug|Any CPU
		{1708518D-C9A9-4D73-B79F-0BAF8B1447B8}.Debug|Any CPU.Build.0 = Debug|Any CPU
		{1708518D-C9A9-4D73-B79F-0BAF8B1447B8}.Release|Any CPU.ActiveCfg = Release|Any CPU
		{1708518D-C9A9-4D73-B79F-0BAF8B1447B8}.Release|Any CPU.Build.0 = Release|Any CPU
	EndGlobalSection
	GlobalSection(SolutionProperties) = preSolution
		HideSolutionNode = FALSE
	EndGlobalSection
EndGlobal
