
Microsoft Visual Studio Solution File, Format Version 12.00
# Visual Studio 2013
VisualStudioVersion = 12.0.21005.1
MinimumVisualStudioVersion = 10.0.40219.1
Project("{FAE04EC0-301F-11D3-BF4B-00C04F79EFBC}") = "ConsoleApplication1", "ConsoleApplication1\ConsoleApplication1.csproj", "{AE45BB1A-A0AD-4B9A-9DEB-56B61B67630C}"
EndProject
Project("{FAE04EC0-301F-11D3-BF4B-00C04F79EFBC}") = "Utility", "Utility\Utility.csproj", "{70150438-01A0-41F9-8C35-A2727645DB3A}"
EndProject
Project("{FAE04EC0-301F-11D3-BF4B-00C04F79EFBC}") = "Animals", "Animals\Animals.csproj", "{8FA65F2E-DE59-4583-B028-2E90FBF539F7}"
EndProject
Project("{FAE04EC0-301F-11D3-BF4B-00C04F79EFBC}") = "Mover", "Mover\Mover.csproj", "{4B7BE3A6-BF69-4330-AB82-46B8C02CCAF5}"
EndProject
Project("{FAE04EC0-301F-11D3-BF4B-00C04F79EFBC}") = "DataHelper", "GIS_Helper\DataHelper.csproj", "{5A000CAA-9A89-4F07-B39A-A26065E9F5FD}"
EndProject
Project("{FAE04EC0-301F-11D3-BF4B-00C04F79EFBC}") = "MapManager", "MapManager\MapManager.csproj", "{9716A768-FCA5-420F-95B6-D83C981FE55F}"
EndProject
Global
	GlobalSection(SolutionConfigurationPlatforms) = preSolution
		Debug|Any CPU = Debug|Any CPU
		Release|Any CPU = Release|Any CPU
	EndGlobalSection
	GlobalSection(ProjectConfigurationPlatforms) = postSolution
		{AE45BB1A-A0AD-4B9A-9DEB-56B61B67630C}.Debug|Any CPU.ActiveCfg = Debug|Any CPU
		{AE45BB1A-A0AD-4B9A-9DEB-56B61B67630C}.Debug|Any CPU.Build.0 = Debug|Any CPU
		{AE45BB1A-A0AD-4B9A-9DEB-56B61B67630C}.Release|Any CPU.ActiveCfg = Release|Any CPU
		{AE45BB1A-A0AD-4B9A-9DEB-56B61B67630C}.Release|Any CPU.Build.0 = Release|Any CPU
		{70150438-01A0-41F9-8C35-A2727645DB3A}.Debug|Any CPU.ActiveCfg = Debug|Any CPU
		{70150438-01A0-41F9-8C35-A2727645DB3A}.Debug|Any CPU.Build.0 = Debug|Any CPU
		{70150438-01A0-41F9-8C35-A2727645DB3A}.Release|Any CPU.ActiveCfg = Release|Any CPU
		{70150438-01A0-41F9-8C35-A2727645DB3A}.Release|Any CPU.Build.0 = Release|Any CPU
		{8FA65F2E-DE59-4583-B028-2E90FBF539F7}.Debug|Any CPU.ActiveCfg = Debug|Any CPU
		{8FA65F2E-DE59-4583-B028-2E90FBF539F7}.Debug|Any CPU.Build.0 = Debug|Any CPU
		{8FA65F2E-DE59-4583-B028-2E90FBF539F7}.Release|Any CPU.ActiveCfg = Release|Any CPU
		{8FA65F2E-DE59-4583-B028-2E90FBF539F7}.Release|Any CPU.Build.0 = Release|Any CPU
		{4B7BE3A6-BF69-4330-AB82-46B8C02CCAF5}.Debug|Any CPU.ActiveCfg = Debug|Any CPU
		{4B7BE3A6-BF69-4330-AB82-46B8C02CCAF5}.Debug|Any CPU.Build.0 = Debug|Any CPU
		{4B7BE3A6-BF69-4330-AB82-46B8C02CCAF5}.Release|Any CPU.ActiveCfg = Release|Any CPU
		{4B7BE3A6-BF69-4330-AB82-46B8C02CCAF5}.Release|Any CPU.Build.0 = Release|Any CPU
		{5A000CAA-9A89-4F07-B39A-A26065E9F5FD}.Debug|Any CPU.ActiveCfg = Debug|Any CPU
		{5A000CAA-9A89-4F07-B39A-A26065E9F5FD}.Debug|Any CPU.Build.0 = Debug|Any CPU
		{5A000CAA-9A89-4F07-B39A-A26065E9F5FD}.Release|Any CPU.ActiveCfg = Release|Any CPU
		{5A000CAA-9A89-4F07-B39A-A26065E9F5FD}.Release|Any CPU.Build.0 = Release|Any CPU
		{9716A768-FCA5-420F-95B6-D83C981FE55F}.Debug|Any CPU.ActiveCfg = Debug|Any CPU
		{9716A768-FCA5-420F-95B6-D83C981FE55F}.Debug|Any CPU.Build.0 = Debug|Any CPU
		{9716A768-FCA5-420F-95B6-D83C981FE55F}.Release|Any CPU.ActiveCfg = Release|Any CPU
		{9716A768-FCA5-420F-95B6-D83C981FE55F}.Release|Any CPU.Build.0 = Release|Any CPU
	EndGlobalSection
	GlobalSection(SolutionProperties) = preSolution
		HideSolutionNode = FALSE
	EndGlobalSection
EndGlobal
